
Microsoft Visual Studio Solution File, Format Version 12.00
# Visual Studio Version 17
VisualStudioVersion = 17.2.32630.192
MinimumVisualStudioVersion = 10.0.40219.1
Project("{FAE04EC0-301F-11D3-BF4B-00C04F79EFBC}") = "WebRest2Application", "WebRest2Application.csproj", "{9F87714D-FE75-40EA-8C56-377246F298A4}"
EndProject
Global
	GlobalSection(SolutionConfigurationPlatforms) = preSolution
		Debug|Any CPU = Debug|Any CPU
		Release|Any CPU = Release|Any CPU
	EndGlobalSection
	GlobalSection(ProjectConfigurationPlatforms) = postSolution
		{9F87714D-FE75-40EA-8C56-377246F298A4}.Debug|Any CPU.ActiveCfg = Debug|Any CPU
		{9F87714D-FE75-40EA-8C56-377246F298A4}.Debug|Any CPU.Build.0 = Debug|Any CPU
		{9F87714D-FE75-40EA-8C56-377246F298A4}.Release|Any CPU.ActiveCfg = Release|Any CPU
		{9F87714D-FE75-40EA-8C56-377246F298A4}.Release|Any CPU.Build.0 = Release|Any CPU
	EndGlobalSection
	GlobalSection(SolutionProperties) = preSolution
		HideSolutionNode = FALSE
	EndGlobalSection
	GlobalSection(ExtensibilityGlobals) = postSolution
		SolutionGuid = {5FA43BB2-5A21-4A86-A2EA-92502911D709}
	EndGlobalSection
EndGlobal
